{
  "pins" : [
    {
      "identity" : "swiftsoup",
      "kind" : "remoteSourceControl",
      "location" : "https://github.com/scinfu/SwiftSoup",
      "state" : {
        "revision" : "8b6cf29eead8841a1fa7822481cb3af4ddaadba6",
        "version" : "2.6.1"
      }
    },
    {
      "identity" : "uiscrollview-infinitescroll",
      "kind" : "remoteSourceControl",
      "location" : "https://github.com/pronebird/UIScrollView-InfiniteScroll",
      "state" : {
        "revision" : "ff0c2b0d0d83961f36df3dfb3e6ff6929ff46dd3",
        "version" : "1.3.0"
      }
    }
  ],
  "version" : 2
}
