// !$*UTF8*$!
{
	archiveVersion = 1;
	classes = {
	};
	objectVersion = 56;
	objects = {

/* Begin PBXBuildFile section */
		711E71402AB6DFFF00EE7618 /* ParseExchangers.swift in Sources */ = {isa = PBXBuildFile; fileRef = 711E713F2AB6DFFF00EE7618 /* ParseExchangers.swift */; };
		711E71422AB6E0C700EE7618 /* ExchangerModel.swift in Sources */ = {isa = PBXBuildFile; fileRef = 711E71412AB6E0C700EE7618 /* ExchangerModel.swift */; };
		711E71442AB6E46C00EE7618 /* HomeTableViewCell.swift in Sources */ = {isa = PBXBuildFile; fileRef = 711E71432AB6E46C00EE7618 /* HomeTableViewCell.swift */; };
		7138D9842AA1E4DC00F855D8 /* NavigationController.swift in Sources */ = {isa = PBXBuildFile; fileRef = 7138D9832AA1E4DC00F855D8 /* NavigationController.swift */; };
		7138D98A2AA1F04F00F855D8 /* Resources.swift in Sources */ = {isa = PBXBuildFile; fileRef = 7138D9892AA1F04F00F855D8 /* Resources.swift */; };
		7138D98C2AA2029900F855D8 /* RatingExchangersViewController.swift in Sources */ = {isa = PBXBuildFile; fileRef = 7138D98B2AA2029900F855D8 /* RatingExchangersViewController.swift */; };
		7141558C2AAA0D1D00A743DC /* UIScrollView_InfiniteScroll in Frameworks */ = {isa = PBXBuildFile; productRef = 7141558B2AAA0D1D00A743DC /* UIScrollView_InfiniteScroll */; };
		714155962AAA216000A743DC /* CurrencyTableViewCell.swift in Sources */ = {isa = PBXBuildFile; fileRef = 714155952AAA216000A743DC /* CurrencyTableViewCell.swift */; };
		7185064F2AC3402D00382BBD /* AdditionalInformation.swift in Sources */ = {isa = PBXBuildFile; fileRef = 7185064E2AC3402D00382BBD /* AdditionalInformation.swift */; };
		718506512AC3531F00382BBD /* ParseInfo.swift in Sources */ = {isa = PBXBuildFile; fileRef = 718506502AC3531F00382BBD /* ParseInfo.swift */; };
		718506532AC3539900382BBD /* InfoModel.swift in Sources */ = {isa = PBXBuildFile; fileRef = 718506522AC3539900382BBD /* InfoModel.swift */; };
		718506572AC4305500382BBD /* ParseConverter.swift in Sources */ = {isa = PBXBuildFile; fileRef = 718506562AC4305500382BBD /* ParseConverter.swift */; };
		718506592AC4306300382BBD /* СonverterViewController.swift in Sources */ = {isa = PBXBuildFile; fileRef = 718506582AC4306300382BBD /* СonverterViewController.swift */; };
		7185065B2AC4616C00382BBD /* ParseRatingExchangers.swift in Sources */ = {isa = PBXBuildFile; fileRef = 7185065A2AC4616C00382BBD /* ParseRatingExchangers.swift */; };
		7185065D2AC4620500382BBD /* RatingExchangersModel.swift in Sources */ = {isa = PBXBuildFile; fileRef = 7185065C2AC4620500382BBD /* RatingExchangersModel.swift */; };
		7185065F2AC465C100382BBD /* RatingExchangersTableViewCell.swift in Sources */ = {isa = PBXBuildFile; fileRef = 7185065E2AC465C100382BBD /* RatingExchangersTableViewCell.swift */; };
		718506612AC4823100382BBD /* StartViewController.swift in Sources */ = {isa = PBXBuildFile; fileRef = 718506602AC4823100382BBD /* StartViewController.swift */; };
		718D0FF52AA3117500456747 /* BaseController.swift in Sources */ = {isa = PBXBuildFile; fileRef = 718D0FF42AA3117500456747 /* BaseController.swift */; };
		718F411C2AA614F400605509 /* ParseNews.swift in Sources */ = {isa = PBXBuildFile; fileRef = 718F411B2AA614F400605509 /* ParseNews.swift */; };
		718F411F2AA6152400605509 /* SwiftSoup in Frameworks */ = {isa = PBXBuildFile; productRef = 718F411E2AA6152400605509 /* SwiftSoup */; };
		718F41212AA6189600605509 /* NewsModel.swift in Sources */ = {isa = PBXBuildFile; fileRef = 718F41202AA6189600605509 /* NewsModel.swift */; };
		7197A4D12A9B50CE0038091A /* AppDelegate.swift in Sources */ = {isa = PBXBuildFile; fileRef = 7197A4D02A9B50CE0038091A /* AppDelegate.swift */; };
		7197A4D32A9B50CE0038091A /* SceneDelegate.swift in Sources */ = {isa = PBXBuildFile; fileRef = 7197A4D22A9B50CE0038091A /* SceneDelegate.swift */; };
		7197A4D52A9B50CE0038091A /* HomeViewController.swift in Sources */ = {isa = PBXBuildFile; fileRef = 7197A4D42A9B50CE0038091A /* HomeViewController.swift */; };
		7197A4DA2A9B50D00038091A /* Assets.xcassets in Resources */ = {isa = PBXBuildFile; fileRef = 7197A4D92A9B50D00038091A /* Assets.xcassets */; };
		7197A4DD2A9B50D00038091A /* LaunchScreen.storyboard in Resources */ = {isa = PBXBuildFile; fileRef = 7197A4DB2A9B50D00038091A /* LaunchScreen.storyboard */; };
		7197A4EB2A9B55780038091A /* TabBarController.swift in Sources */ = {isa = PBXBuildFile; fileRef = 7197A4EA2A9B55780038091A /* TabBarController.swift */; };
		7197A4ED2A9B595C0038091A /* CurrenciesViewController.swift in Sources */ = {isa = PBXBuildFile; fileRef = 7197A4EC2A9B595C0038091A /* CurrenciesViewController.swift */; };
		7197A4F32A9B5B1A0038091A /* NewsViewController.swift in Sources */ = {isa = PBXBuildFile; fileRef = 7197A4F22A9B5B1A0038091A /* NewsViewController.swift */; };
		7197A4F52A9B5B330038091A /* HistoryViewController.swift in Sources */ = {isa = PBXBuildFile; fileRef = 7197A4F42A9B5B330038091A /* HistoryViewController.swift */; };
		7197A4F72A9B5B520038091A /* ProfileViewController.swift in Sources */ = {isa = PBXBuildFile; fileRef = 7197A4F62A9B5B520038091A /* ProfileViewController.swift */; };
		71A5F76F2A9DBF2D00B353C1 /* ProfileCellModel.swift in Sources */ = {isa = PBXBuildFile; fileRef = 71A5F76E2A9DBF2D00B353C1 /* ProfileCellModel.swift */; };
		71C0BD632AC68DD90021B239 /* Xomo.xcdatamodeld in Sources */ = {isa = PBXBuildFile; fileRef = 71C0BD612AC68DD90021B239 /* Xomo.xcdatamodeld */; };
		71C0BD802AC6B70B0021B239 /* ContextDB.swift in Sources */ = {isa = PBXBuildFile; fileRef = 71C0BD7F2AC6B70B0021B239 /* ContextDB.swift */; };
		71C0BD8C2AC6F3570021B239 /* Currencies+CoreDataClass.swift in Sources */ = {isa = PBXBuildFile; fileRef = 71C0BD862AC6F3570021B239 /* Currencies+CoreDataClass.swift */; };
		71C0BD8D2AC6F3570021B239 /* Currencies+CoreDataProperties.swift in Sources */ = {isa = PBXBuildFile; fileRef = 71C0BD872AC6F3570021B239 /* Currencies+CoreDataProperties.swift */; };
		71C0BD8E2AC6F3570021B239 /* History+CoreDataClass.swift in Sources */ = {isa = PBXBuildFile; fileRef = 71C0BD882AC6F3570021B239 /* History+CoreDataClass.swift */; };
		71C0BD8F2AC6F3570021B239 /* History+CoreDataProperties.swift in Sources */ = {isa = PBXBuildFile; fileRef = 71C0BD892AC6F3570021B239 /* History+CoreDataProperties.swift */; };
		71C0BD902AC6F3570021B239 /* RatingExchangers+CoreDataClass.swift in Sources */ = {isa = PBXBuildFile; fileRef = 71C0BD8A2AC6F3570021B239 /* RatingExchangers+CoreDataClass.swift */; };
		71C0BD912AC6F3570021B239 /* RatingExchangers+CoreDataProperties.swift in Sources */ = {isa = PBXBuildFile; fileRef = 71C0BD8B2AC6F3570021B239 /* RatingExchangers+CoreDataProperties.swift */; };
		71C0BD932AC719090021B239 /* FavoritesCurrenciesViewController.swift in Sources */ = {isa = PBXBuildFile; fileRef = 71C0BD922AC719090021B239 /* FavoritesCurrenciesViewController.swift */; };
		71E94B222A9F57E400A9B8D4 /* FavoritesExchangersViewController.swift in Sources */ = {isa = PBXBuildFile; fileRef = 71E94B212A9F57E400A9B8D4 /* FavoritesExchangersViewController.swift */; };
		71F2DA642AB06CA8005A0381 /* ParseCurrencies.swift in Sources */ = {isa = PBXBuildFile; fileRef = 71F2DA632AB06CA8005A0381 /* ParseCurrencies.swift */; };
		71F2DA662AB06CD8005A0381 /* CurrencyModel.swift in Sources */ = {isa = PBXBuildFile; fileRef = 71F2DA652AB06CD8005A0381 /* CurrencyModel.swift */; };
		71F2DA682AB1DCAC005A0381 /* NewsTableViewCell.swift in Sources */ = {isa = PBXBuildFile; fileRef = 71F2DA672AB1DCAC005A0381 /* NewsTableViewCell.swift */; };
/* End PBXBuildFile section */

/* Begin PBXFileReference section */
		711E713F2AB6DFFF00EE7618 /* ParseExchangers.swift */ = {isa = PBXFileReference; lastKnownFileType = sourcecode.swift; path = ParseExchangers.swift; sourceTree = "<group>"; };
		711E71412AB6E0C700EE7618 /* ExchangerModel.swift */ = {isa = PBXFileReference; lastKnownFileType = sourcecode.swift; path = ExchangerModel.swift; sourceTree = "<group>"; };
		711E71432AB6E46C00EE7618 /* HomeTableViewCell.swift */ = {isa = PBXFileReference; lastKnownFileType = sourcecode.swift; path = HomeTableViewCell.swift; sourceTree = "<group>"; };
		7138D9832AA1E4DC00F855D8 /* NavigationController.swift */ = {isa = PBXFileReference; lastKnownFileType = sourcecode.swift; path = NavigationController.swift; sourceTree = "<group>"; };
		7138D9892AA1F04F00F855D8 /* Resources.swift */ = {isa = PBXFileReference; lastKnownFileType = sourcecode.swift; path = Resources.swift; sourceTree = "<group>"; };
		7138D98B2AA2029900F855D8 /* RatingExchangersViewController.swift */ = {isa = PBXFileReference; lastKnownFileType = sourcecode.swift; path = RatingExchangersViewController.swift; sourceTree = "<group>"; };
		714155952AAA216000A743DC /* CurrencyTableViewCell.swift */ = {isa = PBXFileReference; lastKnownFileType = sourcecode.swift; path = CurrencyTableViewCell.swift; sourceTree = "<group>"; };
		7185064E2AC3402D00382BBD /* AdditionalInformation.swift */ = {isa = PBXFileReference; lastKnownFileType = sourcecode.swift; path = AdditionalInformation.swift; sourceTree = "<group>"; };
		718506502AC3531F00382BBD /* ParseInfo.swift */ = {isa = PBXFileReference; lastKnownFileType = sourcecode.swift; path = ParseInfo.swift; sourceTree = "<group>"; };
		718506522AC3539900382BBD /* InfoModel.swift */ = {isa = PBXFileReference; lastKnownFileType = sourcecode.swift; path = InfoModel.swift; sourceTree = "<group>"; };
		718506562AC4305500382BBD /* ParseConverter.swift */ = {isa = PBXFileReference; fileEncoding = 4; lastKnownFileType = sourcecode.swift; path = ParseConverter.swift; sourceTree = "<group>"; };
		718506582AC4306300382BBD /* СonverterViewController.swift */ = {isa = PBXFileReference; fileEncoding = 4; lastKnownFileType = sourcecode.swift; path = "СonverterViewController.swift"; sourceTree = "<group>"; };
		7185065A2AC4616C00382BBD /* ParseRatingExchangers.swift */ = {isa = PBXFileReference; lastKnownFileType = sourcecode.swift; path = ParseRatingExchangers.swift; sourceTree = "<group>"; };
		7185065C2AC4620500382BBD /* RatingExchangersModel.swift */ = {isa = PBXFileReference; lastKnownFileType = sourcecode.swift; path = RatingExchangersModel.swift; sourceTree = "<group>"; };
		7185065E2AC465C100382BBD /* RatingExchangersTableViewCell.swift */ = {isa = PBXFileReference; lastKnownFileType = sourcecode.swift; path = RatingExchangersTableViewCell.swift; sourceTree = "<group>"; };
		718506602AC4823100382BBD /* StartViewController.swift */ = {isa = PBXFileReference; lastKnownFileType = sourcecode.swift; path = StartViewController.swift; sourceTree = "<group>"; };
		718D0FF42AA3117500456747 /* BaseController.swift */ = {isa = PBXFileReference; lastKnownFileType = sourcecode.swift; path = BaseController.swift; sourceTree = "<group>"; };
		718F411B2AA614F400605509 /* ParseNews.swift */ = {isa = PBXFileReference; lastKnownFileType = sourcecode.swift; path = ParseNews.swift; sourceTree = "<group>"; };
		718F41202AA6189600605509 /* NewsModel.swift */ = {isa = PBXFileReference; lastKnownFileType = sourcecode.swift; path = NewsModel.swift; sourceTree = "<group>"; };
		7197A4CD2A9B50CE0038091A /* Xomo.app */ = {isa = PBXFileReference; explicitFileType = wrapper.application; includeInIndex = 0; path = Xomo.app; sourceTree = BUILT_PRODUCTS_DIR; };
		7197A4D02A9B50CE0038091A /* AppDelegate.swift */ = {isa = PBXFileReference; lastKnownFileType = sourcecode.swift; path = AppDelegate.swift; sourceTree = "<group>"; };
		7197A4D22A9B50CE0038091A /* SceneDelegate.swift */ = {isa = PBXFileReference; lastKnownFileType = sourcecode.swift; path = SceneDelegate.swift; sourceTree = "<group>"; };
		7197A4D42A9B50CE0038091A /* HomeViewController.swift */ = {isa = PBXFileReference; lastKnownFileType = sourcecode.swift; path = HomeViewController.swift; sourceTree = "<group>"; };
		7197A4D92A9B50D00038091A /* Assets.xcassets */ = {isa = PBXFileReference; lastKnownFileType = folder.assetcatalog; path = Assets.xcassets; sourceTree = "<group>"; };
		7197A4DC2A9B50D00038091A /* Base */ = {isa = PBXFileReference; lastKnownFileType = file.storyboard; name = Base; path = Base.lproj/LaunchScreen.storyboard; sourceTree = "<group>"; };
		7197A4DE2A9B50D00038091A /* Info.plist */ = {isa = PBXFileReference; lastKnownFileType = text.plist.xml; path = Info.plist; sourceTree = "<group>"; };
		7197A4EA2A9B55780038091A /* TabBarController.swift */ = {isa = PBXFileReference; lastKnownFileType = sourcecode.swift; path = TabBarController.swift; sourceTree = "<group>"; };
		7197A4EC2A9B595C0038091A /* CurrenciesViewController.swift */ = {isa = PBXFileReference; lastKnownFileType = sourcecode.swift; path = CurrenciesViewController.swift; sourceTree = "<group>"; };
		7197A4F22A9B5B1A0038091A /* NewsViewController.swift */ = {isa = PBXFileReference; lastKnownFileType = sourcecode.swift; path = NewsViewController.swift; sourceTree = "<group>"; };
		7197A4F42A9B5B330038091A /* HistoryViewController.swift */ = {isa = PBXFileReference; lastKnownFileType = sourcecode.swift; path = HistoryViewController.swift; sourceTree = "<group>"; };
		7197A4F62A9B5B520038091A /* ProfileViewController.swift */ = {isa = PBXFileReference; lastKnownFileType = sourcecode.swift; path = ProfileViewController.swift; sourceTree = "<group>"; };
		71A5F76E2A9DBF2D00B353C1 /* ProfileCellModel.swift */ = {isa = PBXFileReference; lastKnownFileType = sourcecode.swift; path = ProfileCellModel.swift; sourceTree = "<group>"; };
		71C0BD622AC68DD90021B239 /* Xomo.xcdatamodel */ = {isa = PBXFileReference; lastKnownFileType = wrapper.xcdatamodel; path = Xomo.xcdatamodel; sourceTree = "<group>"; };
		71C0BD7F2AC6B70B0021B239 /* ContextDB.swift */ = {isa = PBXFileReference; lastKnownFileType = sourcecode.swift; path = ContextDB.swift; sourceTree = "<group>"; };
		71C0BD862AC6F3570021B239 /* Currencies+CoreDataClass.swift */ = {isa = PBXFileReference; lastKnownFileType = sourcecode.swift; name = "Currencies+CoreDataClass.swift"; path = "Xomo/Database/Currencies/Currencies+CoreDataClass.swift"; sourceTree = SOURCE_ROOT; };
		71C0BD872AC6F3570021B239 /* Currencies+CoreDataProperties.swift */ = {isa = PBXFileReference; lastKnownFileType = sourcecode.swift; name = "Currencies+CoreDataProperties.swift"; path = "Xomo/Database/Currencies/Currencies+CoreDataProperties.swift"; sourceTree = SOURCE_ROOT; };
		71C0BD882AC6F3570021B239 /* History+CoreDataClass.swift */ = {isa = PBXFileReference; lastKnownFileType = sourcecode.swift; name = "History+CoreDataClass.swift"; path = "Xomo/Database/History/History+CoreDataClass.swift"; sourceTree = SOURCE_ROOT; };
		71C0BD892AC6F3570021B239 /* History+CoreDataProperties.swift */ = {isa = PBXFileReference; lastKnownFileType = sourcecode.swift; name = "History+CoreDataProperties.swift"; path = "Xomo/Database/History/History+CoreDataProperties.swift"; sourceTree = SOURCE_ROOT; };
		71C0BD8A2AC6F3570021B239 /* RatingExchangers+CoreDataClass.swift */ = {isa = PBXFileReference; lastKnownFileType = sourcecode.swift; name = "RatingExchangers+CoreDataClass.swift"; path = "Xomo/Database/RatingExchangers/RatingExchangers+CoreDataClass.swift"; sourceTree = SOURCE_ROOT; };
		71C0BD8B2AC6F3570021B239 /* RatingExchangers+CoreDataProperties.swift */ = {isa = PBXFileReference; lastKnownFileType = sourcecode.swift; name = "RatingExchangers+CoreDataProperties.swift"; path = "Xomo/Database/RatingExchangers/RatingExchangers+CoreDataProperties.swift"; sourceTree = SOURCE_ROOT; };
		71C0BD922AC719090021B239 /* FavoritesCurrenciesViewController.swift */ = {isa = PBXFileReference; lastKnownFileType = sourcecode.swift; path = FavoritesCurrenciesViewController.swift; sourceTree = "<group>"; };
		71E94B212A9F57E400A9B8D4 /* FavoritesExchangersViewController.swift */ = {isa = PBXFileReference; lastKnownFileType = sourcecode.swift; path = FavoritesExchangersViewController.swift; sourceTree = "<group>"; };
		71F2DA632AB06CA8005A0381 /* ParseCurrencies.swift */ = {isa = PBXFileReference; lastKnownFileType = sourcecode.swift; path = ParseCurrencies.swift; sourceTree = "<group>"; };
		71F2DA652AB06CD8005A0381 /* CurrencyModel.swift */ = {isa = PBXFileReference; lastKnownFileType = sourcecode.swift; path = CurrencyModel.swift; sourceTree = "<group>"; };
		71F2DA672AB1DCAC005A0381 /* NewsTableViewCell.swift */ = {isa = PBXFileReference; lastKnownFileType = sourcecode.swift; path = NewsTableViewCell.swift; sourceTree = "<group>"; };
/* End PBXFileReference section */

/* Begin PBXFrameworksBuildPhase section */
		7197A4CA2A9B50CE0038091A /* Frameworks */ = {
			isa = PBXFrameworksBuildPhase;
			buildActionMask = 2147483647;
			files = (
				718F411F2AA6152400605509 /* SwiftSoup in Frameworks */,
				7141558C2AAA0D1D00A743DC /* UIScrollView_InfiniteScroll in Frameworks */,
			);
			runOnlyForDeploymentPostprocessing = 0;
		};
/* End PBXFrameworksBuildPhase section */

/* Begin PBXGroup section */
		7138D9862AA1E83900F855D8 /* Controllers */ = {
			isa = PBXGroup;
			children = (
				7197A4EA2A9B55780038091A /* TabBarController.swift */,
				7138D9832AA1E4DC00F855D8 /* NavigationController.swift */,
				718D0FF42AA3117500456747 /* BaseController.swift */,
				718506602AC4823100382BBD /* StartViewController.swift */,
			);
			path = Controllers;
			sourceTree = "<group>";
		};
		714155942AAA214B00A743DC /* Cells */ = {
			isa = PBXGroup;
			children = (
				71F2DA672AB1DCAC005A0381 /* NewsTableViewCell.swift */,
				714155952AAA216000A743DC /* CurrencyTableViewCell.swift */,
				711E71432AB6E46C00EE7618 /* HomeTableViewCell.swift */,
				7185065E2AC465C100382BBD /* RatingExchangersTableViewCell.swift */,
			);
			path = Cells;
			sourceTree = "<group>";
		};
		7197A4C42A9B50CE0038091A = {
			isa = PBXGroup;
			children = (
				7197A4CF2A9B50CE0038091A /* Xomo */,
				7197A4CE2A9B50CE0038091A /* Products */,
			);
			sourceTree = "<group>";
		};
		7197A4CE2A9B50CE0038091A /* Products */ = {
			isa = PBXGroup;
			children = (
				7197A4CD2A9B50CE0038091A /* Xomo.app */,
			);
			name = Products;
			sourceTree = "<group>";
		};
		7197A4CF2A9B50CE0038091A /* Xomo */ = {
			isa = PBXGroup;
			children = (
				7197A4E72A9B52A10038091A /* Resources */,
				71C0BD602AC68DC20021B239 /* Database */,
				7197A4E62A9B528E0038091A /* Networking */,
				7197A4E42A9B522A0038091A /* Models */,
				7138D9862AA1E83900F855D8 /* Controllers */,
				7197A4E52A9B52820038091A /* Views */,
			);
			path = Xomo;
			sourceTree = "<group>";
		};
		7197A4E42A9B522A0038091A /* Models */ = {
			isa = PBXGroup;
			children = (
				718F41202AA6189600605509 /* NewsModel.swift */,
				71F2DA652AB06CD8005A0381 /* CurrencyModel.swift */,
				711E71412AB6E0C700EE7618 /* ExchangerModel.swift */,
				71A5F76E2A9DBF2D00B353C1 /* ProfileCellModel.swift */,
				718506522AC3539900382BBD /* InfoModel.swift */,
				7185065C2AC4620500382BBD /* RatingExchangersModel.swift */,
			);
			path = Models;
			sourceTree = "<group>";
		};
		7197A4E52A9B52820038091A /* Views */ = {
			isa = PBXGroup;
			children = (
				7197A4F02A9B5A500038091A /* TabBarController */,
				7197A4F12A9B5AD60038091A /* Profile */,
				714155942AAA214B00A743DC /* Cells */,
			);
			path = Views;
			sourceTree = "<group>";
		};
		7197A4E62A9B528E0038091A /* Networking */ = {
			isa = PBXGroup;
			children = (
				718F411B2AA614F400605509 /* ParseNews.swift */,
				71F2DA632AB06CA8005A0381 /* ParseCurrencies.swift */,
				711E713F2AB6DFFF00EE7618 /* ParseExchangers.swift */,
				718506562AC4305500382BBD /* ParseConverter.swift */,
				7185065A2AC4616C00382BBD /* ParseRatingExchangers.swift */,
				718506502AC3531F00382BBD /* ParseInfo.swift */,
			);
			path = Networking;
			sourceTree = "<group>";
		};
		7197A4E72A9B52A10038091A /* Resources */ = {
			isa = PBXGroup;
			children = (
				7197A4D02A9B50CE0038091A /* AppDelegate.swift */,
				7197A4D22A9B50CE0038091A /* SceneDelegate.swift */,
				7138D9892AA1F04F00F855D8 /* Resources.swift */,
				7197A4D92A9B50D00038091A /* Assets.xcassets */,
				7197A4DB2A9B50D00038091A /* LaunchScreen.storyboard */,
				7197A4DE2A9B50D00038091A /* Info.plist */,
			);
			path = Resources;
			sourceTree = "<group>";
		};
		7197A4F02A9B5A500038091A /* TabBarController */ = {
			isa = PBXGroup;
			children = (
				7197A4F22A9B5B1A0038091A /* NewsViewController.swift */,
				7197A4EC2A9B595C0038091A /* CurrenciesViewController.swift */,
				7197A4D42A9B50CE0038091A /* HomeViewController.swift */,
				7197A4F42A9B5B330038091A /* HistoryViewController.swift */,
				7197A4F62A9B5B520038091A /* ProfileViewController.swift */,
			);
			path = TabBarController;
			sourceTree = "<group>";
		};
		7197A4F12A9B5AD60038091A /* Profile */ = {
			isa = PBXGroup;
			children = (
				71E94B212A9F57E400A9B8D4 /* FavoritesExchangersViewController.swift */,
				71C0BD922AC719090021B239 /* FavoritesCurrenciesViewController.swift */,
				718506582AC4306300382BBD /* СonverterViewController.swift */,
				7138D98B2AA2029900F855D8 /* RatingExchangersViewController.swift */,
				7185064E2AC3402D00382BBD /* AdditionalInformation.swift */,
			);
			path = Profile;
			sourceTree = "<group>";
		};
		71C0BD602AC68DC20021B239 /* Database */ = {
			isa = PBXGroup;
			children = (
				71C0BD852AC6F2810021B239 /* History */,
				71C0BD7E2AC6B5130021B239 /* Currencies */,
				71C0BD7D2AC6B5010021B239 /* RatingExchangers */,
				71C0BD612AC68DD90021B239 /* Xomo.xcdatamodeld */,
				71C0BD7F2AC6B70B0021B239 /* ContextDB.swift */,
			);
			path = Database;
			sourceTree = "<group>";
		};
		71C0BD7D2AC6B5010021B239 /* RatingExchangers */ = {
			isa = PBXGroup;
			children = (
				71C0BD8A2AC6F3570021B239 /* RatingExchangers+CoreDataClass.swift */,
				71C0BD8B2AC6F3570021B239 /* RatingExchangers+CoreDataProperties.swift */,
			);
			path = RatingExchangers;
			sourceTree = "<group>";
		};
		71C0BD7E2AC6B5130021B239 /* Currencies */ = {
			isa = PBXGroup;
			children = (
				71C0BD862AC6F3570021B239 /* Currencies+CoreDataClass.swift */,
				71C0BD872AC6F3570021B239 /* Currencies+CoreDataProperties.swift */,
			);
			path = Currencies;
			sourceTree = "<group>";
		};
		71C0BD852AC6F2810021B239 /* History */ = {
			isa = PBXGroup;
			children = (
				71C0BD882AC6F3570021B239 /* History+CoreDataClass.swift */,
				71C0BD892AC6F3570021B239 /* History+CoreDataProperties.swift */,
			);
			path = History;
			sourceTree = "<group>";
		};
/* End PBXGroup section */

/* Begin PBXNativeTarget section */
		7197A4CC2A9B50CE0038091A /* Xomo */ = {
			isa = PBXNativeTarget;
			buildConfigurationList = 7197A4E12A9B50D00038091A /* Build configuration list for PBXNativeTarget "Xomo" */;
			buildPhases = (
				7197A4C92A9B50CE0038091A /* Sources */,
				7197A4CA2A9B50CE0038091A /* Frameworks */,
				7197A4CB2A9B50CE0038091A /* Resources */,
			);
			buildRules = (
			);
			dependencies = (
			);
			name = Xomo;
			packageProductDependencies = (
				718F411E2AA6152400605509 /* SwiftSoup */,
				7141558B2AAA0D1D00A743DC /* UIScrollView_InfiniteScroll */,
			);
			productName = Xomo;
			productReference = 7197A4CD2A9B50CE0038091A /* Xomo.app */;
			productType = "com.apple.product-type.application";
		};
/* End PBXNativeTarget section */

/* Begin PBXProject section */
		7197A4C52A9B50CE0038091A /* Project object */ = {
			isa = PBXProject;
			attributes = {
				BuildIndependentTargetsInParallel = 1;
				LastSwiftUpdateCheck = 1430;
				LastUpgradeCheck = 1430;
				TargetAttributes = {
					7197A4CC2A9B50CE0038091A = {
						CreatedOnToolsVersion = 14.3.1;
					};
				};
			};
			buildConfigurationList = 7197A4C82A9B50CE0038091A /* Build configuration list for PBXProject "Xomo" */;
			compatibilityVersion = "Xcode 14.0";
			developmentRegion = en;
			hasScannedForEncodings = 0;
			knownRegions = (
				en,
				Base,
			);
			mainGroup = 7197A4C42A9B50CE0038091A;
			packageReferences = (
				718F411D2AA6152400605509 /* XCRemoteSwiftPackageReference "SwiftSoup" */,
				7141558A2AAA0D1D00A743DC /* XCRemoteSwiftPackageReference "UIScrollView-InfiniteScroll" */,
			);
			productRefGroup = 7197A4CE2A9B50CE0038091A /* Products */;
			projectDirPath = "";
			projectRoot = "";
			targets = (
				7197A4CC2A9B50CE0038091A /* Xomo */,
			);
		};
/* End PBXProject section */

/* Begin PBXResourcesBuildPhase section */
		7197A4CB2A9B50CE0038091A /* Resources */ = {
			isa = PBXResourcesBuildPhase;
			buildActionMask = 2147483647;
			files = (
				7197A4DD2A9B50D00038091A /* LaunchScreen.storyboard in Resources */,
				7197A4DA2A9B50D00038091A /* Assets.xcassets in Resources */,
			);
			runOnlyForDeploymentPostprocessing = 0;
		};
/* End PBXResourcesBuildPhase section */

/* Begin PBXSourcesBuildPhase section */
		7197A4C92A9B50CE0038091A /* Sources */ = {
			isa = PBXSourcesBuildPhase;
			buildActionMask = 2147483647;
			files = (
				71C0BD8C2AC6F3570021B239 /* Currencies+CoreDataClass.swift in Sources */,
				718F41212AA6189600605509 /* NewsModel.swift in Sources */,
				7197A4ED2A9B595C0038091A /* CurrenciesViewController.swift in Sources */,
				718506572AC4305500382BBD /* ParseConverter.swift in Sources */,
				71F2DA682AB1DCAC005A0381 /* NewsTableViewCell.swift in Sources */,
				71F2DA642AB06CA8005A0381 /* ParseCurrencies.swift in Sources */,
				71C0BD802AC6B70B0021B239 /* ContextDB.swift in Sources */,
				718506612AC4823100382BBD /* StartViewController.swift in Sources */,
				7197A4D52A9B50CE0038091A /* HomeViewController.swift in Sources */,
				7138D98A2AA1F04F00F855D8 /* Resources.swift in Sources */,
				7197A4F52A9B5B330038091A /* HistoryViewController.swift in Sources */,
				71E94B222A9F57E400A9B8D4 /* FavoritesExchangersViewController.swift in Sources */,
				7197A4D12A9B50CE0038091A /* AppDelegate.swift in Sources */,
				7185064F2AC3402D00382BBD /* AdditionalInformation.swift in Sources */,
				71C0BD632AC68DD90021B239 /* Xomo.xcdatamodeld in Sources */,
				718506512AC3531F00382BBD /* ParseInfo.swift in Sources */,
				718506532AC3539900382BBD /* InfoModel.swift in Sources */,
				71C0BD932AC719090021B239 /* FavoritesCurrenciesViewController.swift in Sources */,
				7197A4F72A9B5B520038091A /* ProfileViewController.swift in Sources */,
				71F2DA662AB06CD8005A0381 /* CurrencyModel.swift in Sources */,
				7197A4EB2A9B55780038091A /* TabBarController.swift in Sources */,
				71C0BD912AC6F3570021B239 /* RatingExchangers+CoreDataProperties.swift in Sources */,
				7197A4F32A9B5B1A0038091A /* NewsViewController.swift in Sources */,
				714155962AAA216000A743DC /* CurrencyTableViewCell.swift in Sources */,
				711E71442AB6E46C00EE7618 /* HomeTableViewCell.swift in Sources */,
				71C0BD8F2AC6F3570021B239 /* History+CoreDataProperties.swift in Sources */,
				718D0FF52AA3117500456747 /* BaseController.swift in Sources */,
				711E71402AB6DFFF00EE7618 /* ParseExchangers.swift in Sources */,
				7138D98C2AA2029900F855D8 /* RatingExchangersViewController.swift in Sources */,
				71A5F76F2A9DBF2D00B353C1 /* ProfileCellModel.swift in Sources */,
				7138D9842AA1E4DC00F855D8 /* NavigationController.swift in Sources */,
				71C0BD8D2AC6F3570021B239 /* Currencies+CoreDataProperties.swift in Sources */,
				7197A4D32A9B50CE0038091A /* SceneDelegate.swift in Sources */,
				7185065D2AC4620500382BBD /* RatingExchangersModel.swift in Sources */,
				71C0BD902AC6F3570021B239 /* RatingExchangers+CoreDataClass.swift in Sources */,
				718506592AC4306300382BBD /* СonverterViewController.swift in Sources */,
				71C0BD8E2AC6F3570021B239 /* History+CoreDataClass.swift in Sources */,
				718F411C2AA614F400605509 /* ParseNews.swift in Sources */,
				7185065B2AC4616C00382BBD /* ParseRatingExchangers.swift in Sources */,
				7185065F2AC465C100382BBD /* RatingExchangersTableViewCell.swift in Sources */,
				711E71422AB6E0C700EE7618 /* ExchangerModel.swift in Sources */,
			);
			runOnlyForDeploymentPostprocessing = 0;
		};
/* End PBXSourcesBuildPhase section */

/* Begin PBXVariantGroup section */
		7197A4DB2A9B50D00038091A /* LaunchScreen.storyboard */ = {
			isa = PBXVariantGroup;
			children = (
				7197A4DC2A9B50D00038091A /* Base */,
			);
			name = LaunchScreen.storyboard;
			sourceTree = "<group>";
		};
/* End PBXVariantGroup section */

/* Begin XCBuildConfiguration section */
		7197A4DF2A9B50D00038091A /* Debug */ = {
			isa = XCBuildConfiguration;
			buildSettings = {
				ALWAYS_SEARCH_USER_PATHS = NO;
				CLANG_ANALYZER_NONNULL = YES;
				CLANG_ANALYZER_NUMBER_OBJECT_CONVERSION = YES_AGGRESSIVE;
				CLANG_CXX_LANGUAGE_STANDARD = "gnu++20";
				CLANG_ENABLE_MODULES = YES;
				CLANG_ENABLE_OBJC_ARC = YES;
				CLANG_ENABLE_OBJC_WEAK = YES;
				CLANG_WARN_BLOCK_CAPTURE_AUTORELEASING = YES;
				CLANG_WARN_BOOL_CONVERSION = YES;
				CLANG_WARN_COMMA = YES;
				CLANG_WARN_CONSTANT_CONVERSION = YES;
				CLANG_WARN_DEPRECATED_OBJC_IMPLEMENTATIONS = YES;
				CLANG_WARN_DIRECT_OBJC_ISA_USAGE = YES_ERROR;
				CLANG_WARN_DOCUMENTATION_COMMENTS = YES;
				CLANG_WARN_EMPTY_BODY = YES;
				CLANG_WARN_ENUM_CONVERSION = YES;
				CLANG_WARN_INFINITE_RECURSION = YES;
				CLANG_WARN_INT_CONVERSION = YES;
				CLANG_WARN_NON_LITERAL_NULL_CONVERSION = YES;
				CLANG_WARN_OBJC_IMPLICIT_RETAIN_SELF = YES;
				CLANG_WARN_OBJC_LITERAL_CONVERSION = YES;
				CLANG_WARN_OBJC_ROOT_CLASS = YES_ERROR;
				CLANG_WARN_QUOTED_INCLUDE_IN_FRAMEWORK_HEADER = YES;
				CLANG_WARN_RANGE_LOOP_ANALYSIS = YES;
				CLANG_WARN_STRICT_PROTOTYPES = YES;
				CLANG_WARN_SUSPICIOUS_MOVE = YES;
				CLANG_WARN_UNGUARDED_AVAILABILITY = YES_AGGRESSIVE;
				CLANG_WARN_UNREACHABLE_CODE = YES;
				CLANG_WARN__DUPLICATE_METHOD_MATCH = YES;
				COPY_PHASE_STRIP = NO;
				DEBUG_INFORMATION_FORMAT = dwarf;
				ENABLE_STRICT_OBJC_MSGSEND = YES;
				ENABLE_TESTABILITY = YES;
				GCC_C_LANGUAGE_STANDARD = gnu11;
				GCC_DYNAMIC_NO_PIC = NO;
				GCC_NO_COMMON_BLOCKS = YES;
				GCC_OPTIMIZATION_LEVEL = 0;
				GCC_PREPROCESSOR_DEFINITIONS = (
					"DEBUG=1",
					"$(inherited)",
				);
				GCC_WARN_64_TO_32_BIT_CONVERSION = YES;
				GCC_WARN_ABOUT_RETURN_TYPE = YES_ERROR;
				GCC_WARN_UNDECLARED_SELECTOR = YES;
				GCC_WARN_UNINITIALIZED_AUTOS = YES_AGGRESSIVE;
				GCC_WARN_UNUSED_FUNCTION = YES;
				GCC_WARN_UNUSED_VARIABLE = YES;
				IPHONEOS_DEPLOYMENT_TARGET = 16.4;
				MTL_ENABLE_DEBUG_INFO = INCLUDE_SOURCE;
				MTL_FAST_MATH = YES;
				ONLY_ACTIVE_ARCH = YES;
				SDKROOT = iphoneos;
				SWIFT_ACTIVE_COMPILATION_CONDITIONS = DEBUG;
				SWIFT_OPTIMIZATION_LEVEL = "-Onone";
			};
			name = Debug;
		};
		7197A4E02A9B50D00038091A /* Release */ = {
			isa = XCBuildConfiguration;
			buildSettings = {
				ALWAYS_SEARCH_USER_PATHS = NO;
				CLANG_ANALYZER_NONNULL = YES;
				CLANG_ANALYZER_NUMBER_OBJECT_CONVERSION = YES_AGGRESSIVE;
				CLANG_CXX_LANGUAGE_STANDARD = "gnu++20";
				CLANG_ENABLE_MODULES = YES;
				CLANG_ENABLE_OBJC_ARC = YES;
				CLANG_ENABLE_OBJC_WEAK = YES;
				CLANG_WARN_BLOCK_CAPTURE_AUTORELEASING = YES;
				CLANG_WARN_BOOL_CONVERSION = YES;
				CLANG_WARN_COMMA = YES;
				CLANG_WARN_CONSTANT_CONVERSION = YES;
				CLANG_WARN_DEPRECATED_OBJC_IMPLEMENTATIONS = YES;
				CLANG_WARN_DIRECT_OBJC_ISA_USAGE = YES_ERROR;
				CLANG_WARN_DOCUMENTATION_COMMENTS = YES;
				CLANG_WARN_EMPTY_BODY = YES;
				CLANG_WARN_ENUM_CONVERSION = YES;
				CLANG_WARN_INFINITE_RECURSION = YES;
				CLANG_WARN_INT_CONVERSION = YES;
				CLANG_WARN_NON_LITERAL_NULL_CONVERSION = YES;
				CLANG_WARN_OBJC_IMPLICIT_RETAIN_SELF = YES;
				CLANG_WARN_OBJC_LITERAL_CONVERSION = YES;
				CLANG_WARN_OBJC_ROOT_CLASS = YES_ERROR;
				CLANG_WARN_QUOTED_INCLUDE_IN_FRAMEWORK_HEADER = YES;
				CLANG_WARN_RANGE_LOOP_ANALYSIS = YES;
				CLANG_WARN_STRICT_PROTOTYPES = YES;
				CLANG_WARN_SUSPICIOUS_MOVE = YES;
				CLANG_WARN_UNGUARDED_AVAILABILITY = YES_AGGRESSIVE;
				CLANG_WARN_UNREACHABLE_CODE = YES;
				CLANG_WARN__DUPLICATE_METHOD_MATCH = YES;
				COPY_PHASE_STRIP = NO;
				DEBUG_INFORMATION_FORMAT = "dwarf-with-dsym";
				ENABLE_NS_ASSERTIONS = NO;
				ENABLE_STRICT_OBJC_MSGSEND = YES;
				GCC_C_LANGUAGE_STANDARD = gnu11;
				GCC_NO_COMMON_BLOCKS = YES;
				GCC_WARN_64_TO_32_BIT_CONVERSION = YES;
				GCC_WARN_ABOUT_RETURN_TYPE = YES_ERROR;
				GCC_WARN_UNDECLARED_SELECTOR = YES;
				GCC_WARN_UNINITIALIZED_AUTOS = YES_AGGRESSIVE;
				GCC_WARN_UNUSED_FUNCTION = YES;
				GCC_WARN_UNUSED_VARIABLE = YES;
				IPHONEOS_DEPLOYMENT_TARGET = 16.4;
				MTL_ENABLE_DEBUG_INFO = NO;
				MTL_FAST_MATH = YES;
				SDKROOT = iphoneos;
				SWIFT_COMPILATION_MODE = wholemodule;
				SWIFT_OPTIMIZATION_LEVEL = "-O";
				VALIDATE_PRODUCT = YES;
			};
			name = Release;
		};
		7197A4E22A9B50D00038091A /* Debug */ = {
			isa = XCBuildConfiguration;
			buildSettings = {
				ASSETCATALOG_COMPILER_APPICON_NAME = AppIcon;
				ASSETCATALOG_COMPILER_GLOBAL_ACCENT_COLOR_NAME = AccentColor;
				ASSETCATALOG_COMPILER_INCLUDE_ALL_APPICON_ASSETS = NO;
				CODE_SIGN_STYLE = Automatic;
				CURRENT_PROJECT_VERSION = 1;
				DEVELOPMENT_TEAM = P24CVK85YR;
				GENERATE_INFOPLIST_FILE = YES;
				INFOPLIST_FILE = Xomo/Resources/Info.plist;
				INFOPLIST_KEY_LSApplicationCategoryType = "public.app-category.finance";
				INFOPLIST_KEY_UIApplicationSupportsIndirectInputEvents = YES;
				INFOPLIST_KEY_UILaunchStoryboardName = LaunchScreen;
				INFOPLIST_KEY_UISupportedInterfaceOrientations = UIInterfaceOrientationPortrait;
				IPHONEOS_DEPLOYMENT_TARGET = 13.0;
				LD_RUNPATH_SEARCH_PATHS = (
					"$(inherited)",
					"@executable_path/Frameworks",
				);
				MARKETING_VERSION = 1.0;
				PRODUCT_BUNDLE_IDENTIFIER = Hammer.Xomo;
				PRODUCT_NAME = "$(TARGET_NAME)";
				SWIFT_EMIT_LOC_STRINGS = YES;
				SWIFT_VERSION = 5.0;
				TARGETED_DEVICE_FAMILY = "1,2";
			};
			name = Debug;
		};
		7197A4E32A9B50D00038091A /* Release */ = {
			isa = XCBuildConfiguration;
			buildSettings = {
				ASSETCATALOG_COMPILER_APPICON_NAME = AppIcon;
				ASSETCATALOG_COMPILER_GLOBAL_ACCENT_COLOR_NAME = AccentColor;
				ASSETCATALOG_COMPILER_INCLUDE_ALL_APPICON_ASSETS = NO;
				CODE_SIGN_STYLE = Automatic;
				CURRENT_PROJECT_VERSION = 1;
				DEVELOPMENT_TEAM = P24CVK85YR;
				GENERATE_INFOPLIST_FILE = YES;
				INFOPLIST_FILE = Xomo/Resources/Info.plist;
				INFOPLIST_KEY_LSApplicationCategoryType = "public.app-category.finance";
				INFOPLIST_KEY_UIApplicationSupportsIndirectInputEvents = YES;
				INFOPLIST_KEY_UILaunchStoryboardName = LaunchScreen;
				INFOPLIST_KEY_UISupportedInterfaceOrientations = UIInterfaceOrientationPortrait;
				IPHONEOS_DEPLOYMENT_TARGET = 13.0;
				LD_RUNPATH_SEARCH_PATHS = (
					"$(inherited)",
					"@executable_path/Frameworks",
				);
				MARKETING_VERSION = 1.0;
				PRODUCT_BUNDLE_IDENTIFIER = Hammer.Xomo;
				PRODUCT_NAME = "$(TARGET_NAME)";
				SWIFT_EMIT_LOC_STRINGS = YES;
				SWIFT_VERSION = 5.0;
				TARGETED_DEVICE_FAMILY = "1,2";
			};
			name = Release;
		};
/* End XCBuildConfiguration section */

/* Begin XCConfigurationList section */
		7197A4C82A9B50CE0038091A /* Build configuration list for PBXProject "Xomo" */ = {
			isa = XCConfigurationList;
			buildConfigurations = (
				7197A4DF2A9B50D00038091A /* Debug */,
				7197A4E02A9B50D00038091A /* Release */,
			);
			defaultConfigurationIsVisible = 0;
			defaultConfigurationName = Release;
		};
		7197A4E12A9B50D00038091A /* Build configuration list for PBXNativeTarget "Xomo" */ = {
			isa = XCConfigurationList;
			buildConfigurations = (
				7197A4E22A9B50D00038091A /* Debug */,
				7197A4E32A9B50D00038091A /* Release */,
			);
			defaultConfigurationIsVisible = 0;
			defaultConfigurationName = Release;
		};
/* End XCConfigurationList section */

/* Begin XCRemoteSwiftPackageReference section */
		7141558A2AAA0D1D00A743DC /* XCRemoteSwiftPackageReference "UIScrollView-InfiniteScroll" */ = {
			isa = XCRemoteSwiftPackageReference;
			repositoryURL = "https://github.com/pronebird/UIScrollView-InfiniteScroll";
			requirement = {
				kind = upToNextMajorVersion;
				minimumVersion = 1.0.0;
			};
		};
		718F411D2AA6152400605509 /* XCRemoteSwiftPackageReference "SwiftSoup" */ = {
			isa = XCRemoteSwiftPackageReference;
			repositoryURL = "https://github.com/scinfu/SwiftSoup";
			requirement = {
				kind = upToNextMajorVersion;
				minimumVersion = 2.0.0;
			};
		};
/* End XCRemoteSwiftPackageReference section */

/* Begin XCSwiftPackageProductDependency section */
		7141558B2AAA0D1D00A743DC /* UIScrollView_InfiniteScroll */ = {
			isa = XCSwiftPackageProductDependency;
			package = 7141558A2AAA0D1D00A743DC /* XCRemoteSwiftPackageReference "UIScrollView-InfiniteScroll" */;
			productName = UIScrollView_InfiniteScroll;
		};
		718F411E2AA6152400605509 /* SwiftSoup */ = {
			isa = XCSwiftPackageProductDependency;
			package = 718F411D2AA6152400605509 /* XCRemoteSwiftPackageReference "SwiftSoup" */;
			productName = SwiftSoup;
		};
/* End XCSwiftPackageProductDependency section */

/* Begin XCVersionGroup section */
		71C0BD612AC68DD90021B239 /* Xomo.xcdatamodeld */ = {
			isa = XCVersionGroup;
			children = (
				71C0BD622AC68DD90021B239 /* Xomo.xcdatamodel */,
			);
			currentVersion = 71C0BD622AC68DD90021B239 /* Xomo.xcdatamodel */;
			path = Xomo.xcdatamodeld;
			sourceTree = "<group>";
			versionGroupType = wrapper.xcdatamodel;
		};
/* End XCVersionGroup section */
	};
	rootObject = 7197A4C52A9B50CE0038091A /* Project object */;
}
