// !$*UTF8*$!
{
	archiveVersion = 1;
	classes = {
	};
	objectVersion = 56;
	objects = {

/* Begin PBXBuildFile section */
		7138D9842AA1E4DC00F855D8 /* NavigationController.swift in Sources */ = {isa = PBXBuildFile; fileRef = 7138D9832AA1E4DC00F855D8 /* NavigationController.swift */; };
		7138D98A2AA1F04F00F855D8 /* Resources.swift in Sources */ = {isa = PBXBuildFile; fileRef = 7138D9892AA1F04F00F855D8 /* Resources.swift */; };
		7138D98C2AA2029900F855D8 /* AllExchangersViewController.swift in Sources */ = {isa = PBXBuildFile; fileRef = 7138D98B2AA2029900F855D8 /* AllExchangersViewController.swift */; };
		7138D98E2AA2031000F855D8 /* AboutViewController.swift in Sources */ = {isa = PBXBuildFile; fileRef = 7138D98D2AA2031000F855D8 /* AboutViewController.swift */; };
		7138D9902AA2034200F855D8 /* AdditionalInformationViewController.swift in Sources */ = {isa = PBXBuildFile; fileRef = 7138D98F2AA2034200F855D8 /* AdditionalInformationViewController.swift */; };
		718D0FF52AA3117500456747 /* BaseController.swift in Sources */ = {isa = PBXBuildFile; fileRef = 718D0FF42AA3117500456747 /* BaseController.swift */; };
		7197A4D12A9B50CE0038091A /* AppDelegate.swift in Sources */ = {isa = PBXBuildFile; fileRef = 7197A4D02A9B50CE0038091A /* AppDelegate.swift */; };
		7197A4D32A9B50CE0038091A /* SceneDelegate.swift in Sources */ = {isa = PBXBuildFile; fileRef = 7197A4D22A9B50CE0038091A /* SceneDelegate.swift */; };
		7197A4D52A9B50CE0038091A /* HomeViewController.swift in Sources */ = {isa = PBXBuildFile; fileRef = 7197A4D42A9B50CE0038091A /* HomeViewController.swift */; };
		7197A4DA2A9B50D00038091A /* Assets.xcassets in Resources */ = {isa = PBXBuildFile; fileRef = 7197A4D92A9B50D00038091A /* Assets.xcassets */; };
		7197A4DD2A9B50D00038091A /* LaunchScreen.storyboard in Resources */ = {isa = PBXBuildFile; fileRef = 7197A4DB2A9B50D00038091A /* LaunchScreen.storyboard */; };
		7197A4EB2A9B55780038091A /* TabBarController.swift in Sources */ = {isa = PBXBuildFile; fileRef = 7197A4EA2A9B55780038091A /* TabBarController.swift */; };
		7197A4ED2A9B595C0038091A /* CurrenciesViewController.swift in Sources */ = {isa = PBXBuildFile; fileRef = 7197A4EC2A9B595C0038091A /* CurrenciesViewController.swift */; };
		7197A4EF2A9B597C0038091A /* СonverterViewController.swift in Sources */ = {isa = PBXBuildFile; fileRef = 7197A4EE2A9B597C0038091A /* СonverterViewController.swift */; };
		7197A4F32A9B5B1A0038091A /* NewsViewController.swift in Sources */ = {isa = PBXBuildFile; fileRef = 7197A4F22A9B5B1A0038091A /* NewsViewController.swift */; };
		7197A4F52A9B5B330038091A /* FavoritesViewController.swift in Sources */ = {isa = PBXBuildFile; fileRef = 7197A4F42A9B5B330038091A /* FavoritesViewController.swift */; };
		7197A4F72A9B5B520038091A /* ProfileViewController.swift in Sources */ = {isa = PBXBuildFile; fileRef = 7197A4F62A9B5B520038091A /* ProfileViewController.swift */; };
		7197A4FA2A9B5DDF0038091A /* UIColor.swift in Sources */ = {isa = PBXBuildFile; fileRef = 7197A4F92A9B5DDF0038091A /* UIColor.swift */; };
		71A5F76F2A9DBF2D00B353C1 /* ProfileCellModel.swift in Sources */ = {isa = PBXBuildFile; fileRef = 71A5F76E2A9DBF2D00B353C1 /* ProfileCellModel.swift */; };
		71E94B222A9F57E400A9B8D4 /* HistoryViewController.swift in Sources */ = {isa = PBXBuildFile; fileRef = 71E94B212A9F57E400A9B8D4 /* HistoryViewController.swift */; };
/* End PBXBuildFile section */

/* Begin PBXFileReference section */
		7138D9832AA1E4DC00F855D8 /* NavigationController.swift */ = {isa = PBXFileReference; lastKnownFileType = sourcecode.swift; path = NavigationController.swift; sourceTree = "<group>"; };
		7138D9892AA1F04F00F855D8 /* Resources.swift */ = {isa = PBXFileReference; lastKnownFileType = sourcecode.swift; path = Resources.swift; sourceTree = "<group>"; };
		7138D98B2AA2029900F855D8 /* AllExchangersViewController.swift */ = {isa = PBXFileReference; lastKnownFileType = sourcecode.swift; path = AllExchangersViewController.swift; sourceTree = "<group>"; };
		7138D98D2AA2031000F855D8 /* AboutViewController.swift */ = {isa = PBXFileReference; lastKnownFileType = sourcecode.swift; path = AboutViewController.swift; sourceTree = "<group>"; };
		7138D98F2AA2034200F855D8 /* AdditionalInformationViewController.swift */ = {isa = PBXFileReference; lastKnownFileType = sourcecode.swift; path = AdditionalInformationViewController.swift; sourceTree = "<group>"; };
		718D0FF42AA3117500456747 /* BaseController.swift */ = {isa = PBXFileReference; lastKnownFileType = sourcecode.swift; path = BaseController.swift; sourceTree = "<group>"; };
		7197A4CD2A9B50CE0038091A /* Xomo.app */ = {isa = PBXFileReference; explicitFileType = wrapper.application; includeInIndex = 0; path = Xomo.app; sourceTree = BUILT_PRODUCTS_DIR; };
		7197A4D02A9B50CE0038091A /* AppDelegate.swift */ = {isa = PBXFileReference; lastKnownFileType = sourcecode.swift; path = AppDelegate.swift; sourceTree = "<group>"; };
		7197A4D22A9B50CE0038091A /* SceneDelegate.swift */ = {isa = PBXFileReference; lastKnownFileType = sourcecode.swift; path = SceneDelegate.swift; sourceTree = "<group>"; };
		7197A4D42A9B50CE0038091A /* HomeViewController.swift */ = {isa = PBXFileReference; lastKnownFileType = sourcecode.swift; path = HomeViewController.swift; sourceTree = "<group>"; };
		7197A4D92A9B50D00038091A /* Assets.xcassets */ = {isa = PBXFileReference; lastKnownFileType = folder.assetcatalog; path = Assets.xcassets; sourceTree = "<group>"; };
		7197A4DC2A9B50D00038091A /* Base */ = {isa = PBXFileReference; lastKnownFileType = file.storyboard; name = Base; path = Base.lproj/LaunchScreen.storyboard; sourceTree = "<group>"; };
		7197A4DE2A9B50D00038091A /* Info.plist */ = {isa = PBXFileReference; lastKnownFileType = text.plist.xml; path = Info.plist; sourceTree = "<group>"; };
		7197A4EA2A9B55780038091A /* TabBarController.swift */ = {isa = PBXFileReference; lastKnownFileType = sourcecode.swift; path = TabBarController.swift; sourceTree = "<group>"; };
		7197A4EC2A9B595C0038091A /* CurrenciesViewController.swift */ = {isa = PBXFileReference; lastKnownFileType = sourcecode.swift; path = CurrenciesViewController.swift; sourceTree = "<group>"; };
		7197A4EE2A9B597C0038091A /* СonverterViewController.swift */ = {isa = PBXFileReference; lastKnownFileType = sourcecode.swift; path = "СonverterViewController.swift"; sourceTree = "<group>"; };
		7197A4F22A9B5B1A0038091A /* NewsViewController.swift */ = {isa = PBXFileReference; lastKnownFileType = sourcecode.swift; path = NewsViewController.swift; sourceTree = "<group>"; };
		7197A4F42A9B5B330038091A /* FavoritesViewController.swift */ = {isa = PBXFileReference; lastKnownFileType = sourcecode.swift; path = FavoritesViewController.swift; sourceTree = "<group>"; };
		7197A4F62A9B5B520038091A /* ProfileViewController.swift */ = {isa = PBXFileReference; lastKnownFileType = sourcecode.swift; path = ProfileViewController.swift; sourceTree = "<group>"; };
		7197A4F92A9B5DDF0038091A /* UIColor.swift */ = {isa = PBXFileReference; lastKnownFileType = sourcecode.swift; path = UIColor.swift; sourceTree = "<group>"; };
		71A5F76E2A9DBF2D00B353C1 /* ProfileCellModel.swift */ = {isa = PBXFileReference; lastKnownFileType = sourcecode.swift; path = ProfileCellModel.swift; sourceTree = "<group>"; };
		71E94B212A9F57E400A9B8D4 /* HistoryViewController.swift */ = {isa = PBXFileReference; lastKnownFileType = sourcecode.swift; path = HistoryViewController.swift; sourceTree = "<group>"; };
/* End PBXFileReference section */

/* Begin PBXFrameworksBuildPhase section */
		7197A4CA2A9B50CE0038091A /* Frameworks */ = {
			isa = PBXFrameworksBuildPhase;
			buildActionMask = 2147483647;
			files = (
			);
			runOnlyForDeploymentPostprocessing = 0;
		};
/* End PBXFrameworksBuildPhase section */

/* Begin PBXGroup section */
		7138D9862AA1E83900F855D8 /* Controllers */ = {
			isa = PBXGroup;
			children = (
				7197A4EA2A9B55780038091A /* TabBarController.swift */,
				7138D9832AA1E4DC00F855D8 /* NavigationController.swift */,
				718D0FF42AA3117500456747 /* BaseController.swift */,
			);
			path = Controllers;
			sourceTree = "<group>";
		};
		7197A4C42A9B50CE0038091A = {
			isa = PBXGroup;
			children = (
				7197A4CF2A9B50CE0038091A /* Xomo */,
				7197A4CE2A9B50CE0038091A /* Products */,
			);
			sourceTree = "<group>";
		};
		7197A4CE2A9B50CE0038091A /* Products */ = {
			isa = PBXGroup;
			children = (
				7197A4CD2A9B50CE0038091A /* Xomo.app */,
			);
			name = Products;
			sourceTree = "<group>";
		};
		7197A4CF2A9B50CE0038091A /* Xomo */ = {
			isa = PBXGroup;
			children = (
				7197A4F82A9B5DCC0038091A /* Extension */,
				7197A4E72A9B52A10038091A /* Resources */,
				7197A4E62A9B528E0038091A /* Networking */,
				7197A4E42A9B522A0038091A /* Models */,
				7138D9862AA1E83900F855D8 /* Controllers */,
				7197A4E52A9B52820038091A /* Views */,
			);
			path = Xomo;
			sourceTree = "<group>";
		};
		7197A4E42A9B522A0038091A /* Models */ = {
			isa = PBXGroup;
			children = (
				71A5F76E2A9DBF2D00B353C1 /* ProfileCellModel.swift */,
			);
			path = Models;
			sourceTree = "<group>";
		};
		7197A4E52A9B52820038091A /* Views */ = {
			isa = PBXGroup;
			children = (
				7197A4F02A9B5A500038091A /* TabBarController */,
				7197A4F12A9B5AD60038091A /* Profile */,
			);
			path = Views;
			sourceTree = "<group>";
		};
		7197A4E62A9B528E0038091A /* Networking */ = {
			isa = PBXGroup;
			children = (
			);
			path = Networking;
			sourceTree = "<group>";
		};
		7197A4E72A9B52A10038091A /* Resources */ = {
			isa = PBXGroup;
			children = (
				7197A4D02A9B50CE0038091A /* AppDelegate.swift */,
				7197A4D22A9B50CE0038091A /* SceneDelegate.swift */,
				7197A4D92A9B50D00038091A /* Assets.xcassets */,
				7197A4DB2A9B50D00038091A /* LaunchScreen.storyboard */,
				7197A4DE2A9B50D00038091A /* Info.plist */,
				7138D9892AA1F04F00F855D8 /* Resources.swift */,
			);
			path = Resources;
			sourceTree = "<group>";
		};
		7197A4F02A9B5A500038091A /* TabBarController */ = {
			isa = PBXGroup;
			children = (
				7197A4D42A9B50CE0038091A /* HomeViewController.swift */,
				7197A4EC2A9B595C0038091A /* CurrenciesViewController.swift */,
				7197A4F22A9B5B1A0038091A /* NewsViewController.swift */,
				7197A4F42A9B5B330038091A /* FavoritesViewController.swift */,
				7197A4F62A9B5B520038091A /* ProfileViewController.swift */,
			);
			path = TabBarController;
			sourceTree = "<group>";
		};
		7197A4F12A9B5AD60038091A /* Profile */ = {
			isa = PBXGroup;
			children = (
				7197A4EE2A9B597C0038091A /* СonverterViewController.swift */,
				71E94B212A9F57E400A9B8D4 /* HistoryViewController.swift */,
				7138D98B2AA2029900F855D8 /* AllExchangersViewController.swift */,
				7138D98D2AA2031000F855D8 /* AboutViewController.swift */,
				7138D98F2AA2034200F855D8 /* AdditionalInformationViewController.swift */,
			);
			path = Profile;
			sourceTree = "<group>";
		};
		7197A4F82A9B5DCC0038091A /* Extension */ = {
			isa = PBXGroup;
			children = (
				7197A4F92A9B5DDF0038091A /* UIColor.swift */,
			);
			path = Extension;
			sourceTree = "<group>";
		};
/* End PBXGroup section */

/* Begin PBXNativeTarget section */
		7197A4CC2A9B50CE0038091A /* Xomo */ = {
			isa = PBXNativeTarget;
			buildConfigurationList = 7197A4E12A9B50D00038091A /* Build configuration list for PBXNativeTarget "Xomo" */;
			buildPhases = (
				7197A4C92A9B50CE0038091A /* Sources */,
				7197A4CA2A9B50CE0038091A /* Frameworks */,
				7197A4CB2A9B50CE0038091A /* Resources */,
			);
			buildRules = (
			);
			dependencies = (
			);
			name = Xomo;
			productName = Xomo;
			productReference = 7197A4CD2A9B50CE0038091A /* Xomo.app */;
			productType = "com.apple.product-type.application";
		};
/* End PBXNativeTarget section */

/* Begin PBXProject section */
		7197A4C52A9B50CE0038091A /* Project object */ = {
			isa = PBXProject;
			attributes = {
				BuildIndependentTargetsInParallel = 1;
				LastSwiftUpdateCheck = 1430;
				LastUpgradeCheck = 1430;
				TargetAttributes = {
					7197A4CC2A9B50CE0038091A = {
						CreatedOnToolsVersion = 14.3.1;
					};
				};
			};
			buildConfigurationList = 7197A4C82A9B50CE0038091A /* Build configuration list for PBXProject "Xomo" */;
			compatibilityVersion = "Xcode 14.0";
			developmentRegion = en;
			hasScannedForEncodings = 0;
			knownRegions = (
				en,
				Base,
			);
			mainGroup = 7197A4C42A9B50CE0038091A;
			productRefGroup = 7197A4CE2A9B50CE0038091A /* Products */;
			projectDirPath = "";
			projectRoot = "";
			targets = (
				7197A4CC2A9B50CE0038091A /* Xomo */,
			);
		};
/* End PBXProject section */

/* Begin PBXResourcesBuildPhase section */
		7197A4CB2A9B50CE0038091A /* Resources */ = {
			isa = PBXResourcesBuildPhase;
			buildActionMask = 2147483647;
			files = (
				7197A4DD2A9B50D00038091A /* LaunchScreen.storyboard in Resources */,
				7197A4DA2A9B50D00038091A /* Assets.xcassets in Resources */,
			);
			runOnlyForDeploymentPostprocessing = 0;
		};
/* End PBXResourcesBuildPhase section */

/* Begin PBXSourcesBuildPhase section */
		7197A4C92A9B50CE0038091A /* Sources */ = {
			isa = PBXSourcesBuildPhase;
			buildActionMask = 2147483647;
			files = (
				7197A4ED2A9B595C0038091A /* CurrenciesViewController.swift in Sources */,
				7197A4D52A9B50CE0038091A /* HomeViewController.swift in Sources */,
				7138D98A2AA1F04F00F855D8 /* Resources.swift in Sources */,
				7197A4F52A9B5B330038091A /* FavoritesViewController.swift in Sources */,
				71E94B222A9F57E400A9B8D4 /* HistoryViewController.swift in Sources */,
				7197A4D12A9B50CE0038091A /* AppDelegate.swift in Sources */,
				7197A4F72A9B5B520038091A /* ProfileViewController.swift in Sources */,
				7197A4EB2A9B55780038091A /* TabBarController.swift in Sources */,
				7138D98E2AA2031000F855D8 /* AboutViewController.swift in Sources */,
				7197A4F32A9B5B1A0038091A /* NewsViewController.swift in Sources */,
				718D0FF52AA3117500456747 /* BaseController.swift in Sources */,
				7138D98C2AA2029900F855D8 /* AllExchangersViewController.swift in Sources */,
				71A5F76F2A9DBF2D00B353C1 /* ProfileCellModel.swift in Sources */,
				7138D9842AA1E4DC00F855D8 /* NavigationController.swift in Sources */,
				7197A4D32A9B50CE0038091A /* SceneDelegate.swift in Sources */,
				7197A4EF2A9B597C0038091A /* СonverterViewController.swift in Sources */,
				7138D9902AA2034200F855D8 /* AdditionalInformationViewController.swift in Sources */,
				7197A4FA2A9B5DDF0038091A /* UIColor.swift in Sources */,
			);
			runOnlyForDeploymentPostprocessing = 0;
		};
/* End PBXSourcesBuildPhase section */

/* Begin PBXVariantGroup section */
		7197A4DB2A9B50D00038091A /* LaunchScreen.storyboard */ = {
			isa = PBXVariantGroup;
			children = (
				7197A4DC2A9B50D00038091A /* Base */,
			);
			name = LaunchScreen.storyboard;
			sourceTree = "<group>";
		};
/* End PBXVariantGroup section */

/* Begin XCBuildConfiguration section */
		7197A4DF2A9B50D00038091A /* Debug */ = {
			isa = XCBuildConfiguration;
			buildSettings = {
				ALWAYS_SEARCH_USER_PATHS = NO;
				CLANG_ANALYZER_NONNULL = YES;
				CLANG_ANALYZER_NUMBER_OBJECT_CONVERSION = YES_AGGRESSIVE;
				CLANG_CXX_LANGUAGE_STANDARD = "gnu++20";
				CLANG_ENABLE_MODULES = YES;
				CLANG_ENABLE_OBJC_ARC = YES;
				CLANG_ENABLE_OBJC_WEAK = YES;
				CLANG_WARN_BLOCK_CAPTURE_AUTORELEASING = YES;
				CLANG_WARN_BOOL_CONVERSION = YES;
				CLANG_WARN_COMMA = YES;
				CLANG_WARN_CONSTANT_CONVERSION = YES;
				CLANG_WARN_DEPRECATED_OBJC_IMPLEMENTATIONS = YES;
				CLANG_WARN_DIRECT_OBJC_ISA_USAGE = YES_ERROR;
				CLANG_WARN_DOCUMENTATION_COMMENTS = YES;
				CLANG_WARN_EMPTY_BODY = YES;
				CLANG_WARN_ENUM_CONVERSION = YES;
				CLANG_WARN_INFINITE_RECURSION = YES;
				CLANG_WARN_INT_CONVERSION = YES;
				CLANG_WARN_NON_LITERAL_NULL_CONVERSION = YES;
				CLANG_WARN_OBJC_IMPLICIT_RETAIN_SELF = YES;
				CLANG_WARN_OBJC_LITERAL_CONVERSION = YES;
				CLANG_WARN_OBJC_ROOT_CLASS = YES_ERROR;
				CLANG_WARN_QUOTED_INCLUDE_IN_FRAMEWORK_HEADER = YES;
				CLANG_WARN_RANGE_LOOP_ANALYSIS = YES;
				CLANG_WARN_STRICT_PROTOTYPES = YES;
				CLANG_WARN_SUSPICIOUS_MOVE = YES;
				CLANG_WARN_UNGUARDED_AVAILABILITY = YES_AGGRESSIVE;
				CLANG_WARN_UNREACHABLE_CODE = YES;
				CLANG_WARN__DUPLICATE_METHOD_MATCH = YES;
				COPY_PHASE_STRIP = NO;
				DEBUG_INFORMATION_FORMAT = dwarf;
				ENABLE_STRICT_OBJC_MSGSEND = YES;
				ENABLE_TESTABILITY = YES;
				GCC_C_LANGUAGE_STANDARD = gnu11;
				GCC_DYNAMIC_NO_PIC = NO;
				GCC_NO_COMMON_BLOCKS = YES;
				GCC_OPTIMIZATION_LEVEL = 0;
				GCC_PREPROCESSOR_DEFINITIONS = (
					"DEBUG=1",
					"$(inherited)",
				);
				GCC_WARN_64_TO_32_BIT_CONVERSION = YES;
				GCC_WARN_ABOUT_RETURN_TYPE = YES_ERROR;
				GCC_WARN_UNDECLARED_SELECTOR = YES;
				GCC_WARN_UNINITIALIZED_AUTOS = YES_AGGRESSIVE;
				GCC_WARN_UNUSED_FUNCTION = YES;
				GCC_WARN_UNUSED_VARIABLE = YES;
				IPHONEOS_DEPLOYMENT_TARGET = 16.4;
				MTL_ENABLE_DEBUG_INFO = INCLUDE_SOURCE;
				MTL_FAST_MATH = YES;
				ONLY_ACTIVE_ARCH = YES;
				SDKROOT = iphoneos;
				SWIFT_ACTIVE_COMPILATION_CONDITIONS = DEBUG;
				SWIFT_OPTIMIZATION_LEVEL = "-Onone";
			};
			name = Debug;
		};
		7197A4E02A9B50D00038091A /* Release */ = {
			isa = XCBuildConfiguration;
			buildSettings = {
				ALWAYS_SEARCH_USER_PATHS = NO;
				CLANG_ANALYZER_NONNULL = YES;
				CLANG_ANALYZER_NUMBER_OBJECT_CONVERSION = YES_AGGRESSIVE;
				CLANG_CXX_LANGUAGE_STANDARD = "gnu++20";
				CLANG_ENABLE_MODULES = YES;
				CLANG_ENABLE_OBJC_ARC = YES;
				CLANG_ENABLE_OBJC_WEAK = YES;
				CLANG_WARN_BLOCK_CAPTURE_AUTORELEASING = YES;
				CLANG_WARN_BOOL_CONVERSION = YES;
				CLANG_WARN_COMMA = YES;
				CLANG_WARN_CONSTANT_CONVERSION = YES;
				CLANG_WARN_DEPRECATED_OBJC_IMPLEMENTATIONS = YES;
				CLANG_WARN_DIRECT_OBJC_ISA_USAGE = YES_ERROR;
				CLANG_WARN_DOCUMENTATION_COMMENTS = YES;
				CLANG_WARN_EMPTY_BODY = YES;
				CLANG_WARN_ENUM_CONVERSION = YES;
				CLANG_WARN_INFINITE_RECURSION = YES;
				CLANG_WARN_INT_CONVERSION = YES;
				CLANG_WARN_NON_LITERAL_NULL_CONVERSION = YES;
				CLANG_WARN_OBJC_IMPLICIT_RETAIN_SELF = YES;
				CLANG_WARN_OBJC_LITERAL_CONVERSION = YES;
				CLANG_WARN_OBJC_ROOT_CLASS = YES_ERROR;
				CLANG_WARN_QUOTED_INCLUDE_IN_FRAMEWORK_HEADER = YES;
				CLANG_WARN_RANGE_LOOP_ANALYSIS = YES;
				CLANG_WARN_STRICT_PROTOTYPES = YES;
				CLANG_WARN_SUSPICIOUS_MOVE = YES;
				CLANG_WARN_UNGUARDED_AVAILABILITY = YES_AGGRESSIVE;
				CLANG_WARN_UNREACHABLE_CODE = YES;
				CLANG_WARN__DUPLICATE_METHOD_MATCH = YES;
				COPY_PHASE_STRIP = NO;
				DEBUG_INFORMATION_FORMAT = "dwarf-with-dsym";
				ENABLE_NS_ASSERTIONS = NO;
				ENABLE_STRICT_OBJC_MSGSEND = YES;
				GCC_C_LANGUAGE_STANDARD = gnu11;
				GCC_NO_COMMON_BLOCKS = YES;
				GCC_WARN_64_TO_32_BIT_CONVERSION = YES;
				GCC_WARN_ABOUT_RETURN_TYPE = YES_ERROR;
				GCC_WARN_UNDECLARED_SELECTOR = YES;
				GCC_WARN_UNINITIALIZED_AUTOS = YES_AGGRESSIVE;
				GCC_WARN_UNUSED_FUNCTION = YES;
				GCC_WARN_UNUSED_VARIABLE = YES;
				IPHONEOS_DEPLOYMENT_TARGET = 16.4;
				MTL_ENABLE_DEBUG_INFO = NO;
				MTL_FAST_MATH = YES;
				SDKROOT = iphoneos;
				SWIFT_COMPILATION_MODE = wholemodule;
				SWIFT_OPTIMIZATION_LEVEL = "-O";
				VALIDATE_PRODUCT = YES;
			};
			name = Release;
		};
		7197A4E22A9B50D00038091A /* Debug */ = {
			isa = XCBuildConfiguration;
			buildSettings = {
				ASSETCATALOG_COMPILER_APPICON_NAME = AppIcon;
				ASSETCATALOG_COMPILER_GLOBAL_ACCENT_COLOR_NAME = AccentColor;
				ASSETCATALOG_COMPILER_INCLUDE_ALL_APPICON_ASSETS = NO;
				CODE_SIGN_STYLE = Automatic;
				CURRENT_PROJECT_VERSION = 1;
				DEVELOPMENT_TEAM = P24CVK85YR;
				GENERATE_INFOPLIST_FILE = YES;
				INFOPLIST_FILE = Xomo/Resources/Info.plist;
				INFOPLIST_KEY_LSApplicationCategoryType = "public.app-category.finance";
				INFOPLIST_KEY_UIApplicationSupportsIndirectInputEvents = YES;
				INFOPLIST_KEY_UILaunchStoryboardName = LaunchScreen;
				INFOPLIST_KEY_UISupportedInterfaceOrientations = UIInterfaceOrientationPortrait;
				IPHONEOS_DEPLOYMENT_TARGET = 13.0;
				LD_RUNPATH_SEARCH_PATHS = (
					"$(inherited)",
					"@executable_path/Frameworks",
				);
				MARKETING_VERSION = 1.0;
				PRODUCT_BUNDLE_IDENTIFIER = Hammer.Xomo;
				PRODUCT_NAME = "$(TARGET_NAME)";
				SWIFT_EMIT_LOC_STRINGS = YES;
				SWIFT_VERSION = 5.0;
				TARGETED_DEVICE_FAMILY = "1,2";
			};
			name = Debug;
		};
		7197A4E32A9B50D00038091A /* Release */ = {
			isa = XCBuildConfiguration;
			buildSettings = {
				ASSETCATALOG_COMPILER_APPICON_NAME = AppIcon;
				ASSETCATALOG_COMPILER_GLOBAL_ACCENT_COLOR_NAME = AccentColor;
				ASSETCATALOG_COMPILER_INCLUDE_ALL_APPICON_ASSETS = NO;
				CODE_SIGN_STYLE = Automatic;
				CURRENT_PROJECT_VERSION = 1;
				DEVELOPMENT_TEAM = P24CVK85YR;
				GENERATE_INFOPLIST_FILE = YES;
				INFOPLIST_FILE = Xomo/Resources/Info.plist;
				INFOPLIST_KEY_LSApplicationCategoryType = "public.app-category.finance";
				INFOPLIST_KEY_UIApplicationSupportsIndirectInputEvents = YES;
				INFOPLIST_KEY_UILaunchStoryboardName = LaunchScreen;
				INFOPLIST_KEY_UISupportedInterfaceOrientations = UIInterfaceOrientationPortrait;
				IPHONEOS_DEPLOYMENT_TARGET = 13.0;
				LD_RUNPATH_SEARCH_PATHS = (
					"$(inherited)",
					"@executable_path/Frameworks",
				);
				MARKETING_VERSION = 1.0;
				PRODUCT_BUNDLE_IDENTIFIER = Hammer.Xomo;
				PRODUCT_NAME = "$(TARGET_NAME)";
				SWIFT_EMIT_LOC_STRINGS = YES;
				SWIFT_VERSION = 5.0;
				TARGETED_DEVICE_FAMILY = "1,2";
			};
			name = Release;
		};
/* End XCBuildConfiguration section */

/* Begin XCConfigurationList section */
		7197A4C82A9B50CE0038091A /* Build configuration list for PBXProject "Xomo" */ = {
			isa = XCConfigurationList;
			buildConfigurations = (
				7197A4DF2A9B50D00038091A /* Debug */,
				7197A4E02A9B50D00038091A /* Release */,
			);
			defaultConfigurationIsVisible = 0;
			defaultConfigurationName = Release;
		};
		7197A4E12A9B50D00038091A /* Build configuration list for PBXNativeTarget "Xomo" */ = {
			isa = XCConfigurationList;
			buildConfigurations = (
				7197A4E22A9B50D00038091A /* Debug */,
				7197A4E32A9B50D00038091A /* Release */,
			);
			defaultConfigurationIsVisible = 0;
			defaultConfigurationName = Release;
		};
/* End XCConfigurationList section */
	};
	rootObject = 7197A4C52A9B50CE0038091A /* Project object */;
}
